
Microsoft Visual Studio Solution File, Format Version 12.00
# Visual Studio Version 17
VisualStudioVersion = 17.8.34511.84
MinimumVisualStudioVersion = 10.0.40219.1
Project("{FAE04EC0-301F-11D3-BF4B-00C04F79EFBC}") = "ATV7_CJ3021939", "ATV7_CJ3021939\ATV7_CJ3021939.csproj", "{3F72F5B8-3D1B-4B40-AF77-C1F4CA1D1CD0}"
EndProject
Global
	GlobalSection(SolutionConfigurationPlatforms) = preSolution
		Debug|Any CPU = Debug|Any CPU
		Release|Any CPU = Release|Any CPU
	EndGlobalSection
	GlobalSection(ProjectConfigurationPlatforms) = postSolution
		{3F72F5B8-3D1B-4B40-AF77-C1F4CA1D1CD0}.Debug|Any CPU.ActiveCfg = Debug|Any CPU
		{3F72F5B8-3D1B-4B40-AF77-C1F4CA1D1CD0}.Debug|Any CPU.Build.0 = Debug|Any CPU
		{3F72F5B8-3D1B-4B40-AF77-C1F4CA1D1CD0}.Release|Any CPU.ActiveCfg = Release|Any CPU
		{3F72F5B8-3D1B-4B40-AF77-C1F4CA1D1CD0}.Release|Any CPU.Build.0 = Release|Any CPU
	EndGlobalSection
	GlobalSection(SolutionProperties) = preSolution
		HideSolutionNode = FALSE
	EndGlobalSection
	GlobalSection(ExtensibilityGlobals) = postSolution
		SolutionGuid = {FFC50546-FFA9-4950-88C9-C1F0053DEBCB}
	EndGlobalSection
EndGlobal
